
Microsoft Visual Studio Solution File, Format Version 12.00
# Visual Studio Version 17
VisualStudioVersion = 17.6.33815.320
MinimumVisualStudioVersion = 10.0.40219.1
Project("{FAE04EC0-301F-11D3-BF4B-00C04F79EFBC}") = "MatchingGame_Alexandre", "MatchingGame_Alexandre\MatchingGame_Alexandre.csproj", "{F0A50A8E-B8C8-43EF-979B-623A5C268A2C}"
EndProject
Global
	GlobalSection(SolutionConfigurationPlatforms) = preSolution
		Debug|Any CPU = Debug|Any CPU
		Release|Any CPU = Release|Any CPU
	EndGlobalSection
	GlobalSection(ProjectConfigurationPlatforms) = postSolution
		{F0A50A8E-B8C8-43EF-979B-623A5C268A2C}.Debug|Any CPU.ActiveCfg = Debug|Any CPU
		{F0A50A8E-B8C8-43EF-979B-623A5C268A2C}.Debug|Any CPU.Build.0 = Debug|Any CPU
		{F0A50A8E-B8C8-43EF-979B-623A5C268A2C}.Release|Any CPU.ActiveCfg = Release|Any CPU
		{F0A50A8E-B8C8-43EF-979B-623A5C268A2C}.Release|Any CPU.Build.0 = Release|Any CPU
	EndGlobalSection
	GlobalSection(SolutionProperties) = preSolution
		HideSolutionNode = FALSE
	EndGlobalSection
	GlobalSection(ExtensibilityGlobals) = postSolution
		SolutionGuid = {66B61EFA-20A1-4E15-B048-C994DEBA88DC}
	EndGlobalSection
EndGlobal
