
Microsoft Visual Studio Solution File, Format Version 12.00
# Visual Studio Version 17
VisualStudioVersion = 17.6.33815.320
MinimumVisualStudioVersion = 10.0.40219.1
Project("{FAE04EC0-301F-11D3-BF4B-00C04F79EFBC}") = "ACT_4_3_Damiers_GregoireA", "ACT_4_3_Damiers_GregoireA\ACT_4_3_Damiers_GregoireA.csproj", "{4F2B7A30-754D-4CAE-A661-057EB4083875}"
EndProject
Global
	GlobalSection(SolutionConfigurationPlatforms) = preSolution
		Debug|Any CPU = Debug|Any CPU
		Release|Any CPU = Release|Any CPU
	EndGlobalSection
	GlobalSection(ProjectConfigurationPlatforms) = postSolution
		{4F2B7A30-754D-4CAE-A661-057EB4083875}.Debug|Any CPU.ActiveCfg = Debug|Any CPU
		{4F2B7A30-754D-4CAE-A661-057EB4083875}.Debug|Any CPU.Build.0 = Debug|Any CPU
		{4F2B7A30-754D-4CAE-A661-057EB4083875}.Release|Any CPU.ActiveCfg = Release|Any CPU
		{4F2B7A30-754D-4CAE-A661-057EB4083875}.Release|Any CPU.Build.0 = Release|Any CPU
	EndGlobalSection
	GlobalSection(SolutionProperties) = preSolution
		HideSolutionNode = FALSE
	EndGlobalSection
	GlobalSection(ExtensibilityGlobals) = postSolution
		SolutionGuid = {1774362E-38C0-493A-98D5-E23A8977D895}
	EndGlobalSection
EndGlobal
