
Microsoft Visual Studio Solution File, Format Version 12.00
# Visual Studio Version 17
VisualStudioVersion = 17.6.33815.320
MinimumVisualStudioVersion = 10.0.40219.1
Project("{FAE04EC0-301F-11D3-BF4B-00C04F79EFBC}") = "exercises1_Classe", "exercises1_Classe\exercises1_Classe.csproj", "{F0D04329-CE2B-4736-9D79-25DD0F664AE3}"
EndProject
Global
	GlobalSection(SolutionConfigurationPlatforms) = preSolution
		Debug|Any CPU = Debug|Any CPU
		Release|Any CPU = Release|Any CPU
	EndGlobalSection
	GlobalSection(ProjectConfigurationPlatforms) = postSolution
		{F0D04329-CE2B-4736-9D79-25DD0F664AE3}.Debug|Any CPU.ActiveCfg = Debug|Any CPU
		{F0D04329-CE2B-4736-9D79-25DD0F664AE3}.Debug|Any CPU.Build.0 = Debug|Any CPU
		{F0D04329-CE2B-4736-9D79-25DD0F664AE3}.Release|Any CPU.ActiveCfg = Release|Any CPU
		{F0D04329-CE2B-4736-9D79-25DD0F664AE3}.Release|Any CPU.Build.0 = Release|Any CPU
	EndGlobalSection
	GlobalSection(SolutionProperties) = preSolution
		HideSolutionNode = FALSE
	EndGlobalSection
	GlobalSection(ExtensibilityGlobals) = postSolution
		SolutionGuid = {334586AB-BF8F-423C-B9AB-197EB29D4E1F}
	EndGlobalSection
EndGlobal
