
Microsoft Visual Studio Solution File, Format Version 12.00
# Visual Studio Version 17
VisualStudioVersion = 17.6.33815.320
MinimumVisualStudioVersion = 10.0.40219.1
Project("{FAE04EC0-301F-11D3-BF4B-00C04F79EFBC}") = "ACT00_REVISION_VersionBASE", "ACT00_REVISION_VersionBASE\ACT00_REVISION_VersionBASE.csproj", "{F4C48B4C-13AE-4520-A946-AC75B12B6CF1}"
EndProject
Global
	GlobalSection(SolutionConfigurationPlatforms) = preSolution
		Debug|Any CPU = Debug|Any CPU
		Release|Any CPU = Release|Any CPU
	EndGlobalSection
	GlobalSection(ProjectConfigurationPlatforms) = postSolution
		{F4C48B4C-13AE-4520-A946-AC75B12B6CF1}.Debug|Any CPU.ActiveCfg = Debug|Any CPU
		{F4C48B4C-13AE-4520-A946-AC75B12B6CF1}.Debug|Any CPU.Build.0 = Debug|Any CPU
		{F4C48B4C-13AE-4520-A946-AC75B12B6CF1}.Release|Any CPU.ActiveCfg = Release|Any CPU
		{F4C48B4C-13AE-4520-A946-AC75B12B6CF1}.Release|Any CPU.Build.0 = Release|Any CPU
	EndGlobalSection
	GlobalSection(SolutionProperties) = preSolution
		HideSolutionNode = FALSE
	EndGlobalSection
	GlobalSection(ExtensibilityGlobals) = postSolution
		SolutionGuid = {3058A3EF-03B1-43C1-A2D6-906C750D2C70}
	EndGlobalSection
EndGlobal
