
Microsoft Visual Studio Solution File, Format Version 12.00
# Visual Studio Version 17
VisualStudioVersion = 17.6.33815.320
MinimumVisualStudioVersion = 10.0.40219.1
Project("{FAE04EC0-301F-11D3-BF4B-00C04F79EFBC}") = "I2P623_Gregoire", "I2P623_Gregoire\I2P623_Gregoire.csproj", "{D40F29FB-83D4-4137-813F-F251C28D66AA}"
EndProject
Global
	GlobalSection(SolutionConfigurationPlatforms) = preSolution
		Debug|Any CPU = Debug|Any CPU
		Release|Any CPU = Release|Any CPU
	EndGlobalSection
	GlobalSection(ProjectConfigurationPlatforms) = postSolution
		{D40F29FB-83D4-4137-813F-F251C28D66AA}.Debug|Any CPU.ActiveCfg = Debug|Any CPU
		{D40F29FB-83D4-4137-813F-F251C28D66AA}.Debug|Any CPU.Build.0 = Debug|Any CPU
		{D40F29FB-83D4-4137-813F-F251C28D66AA}.Release|Any CPU.ActiveCfg = Release|Any CPU
		{D40F29FB-83D4-4137-813F-F251C28D66AA}.Release|Any CPU.Build.0 = Release|Any CPU
	EndGlobalSection
	GlobalSection(SolutionProperties) = preSolution
		HideSolutionNode = FALSE
	EndGlobalSection
	GlobalSection(ExtensibilityGlobals) = postSolution
		SolutionGuid = {DEA91920-CDB7-459C-939F-EB315128000E}
	EndGlobalSection
EndGlobal
