
Microsoft Visual Studio Solution File, Format Version 12.00
# Visual Studio Version 17
VisualStudioVersion = 17.6.33815.320
MinimumVisualStudioVersion = 10.0.40219.1
Project("{FAE04EC0-301F-11D3-BF4B-00C04F79EFBC}") = "ACT_5_2_Damiers_GregoireA", "ACT_5_2_Damiers_GregoireA\ACT_5_2_Damiers_GregoireA.csproj", "{4C642975-F6DE-4879-BB21-7CD623315EB4}"
EndProject
Global
	GlobalSection(SolutionConfigurationPlatforms) = preSolution
		Debug|Any CPU = Debug|Any CPU
		Release|Any CPU = Release|Any CPU
	EndGlobalSection
	GlobalSection(ProjectConfigurationPlatforms) = postSolution
		{4C642975-F6DE-4879-BB21-7CD623315EB4}.Debug|Any CPU.ActiveCfg = Debug|Any CPU
		{4C642975-F6DE-4879-BB21-7CD623315EB4}.Debug|Any CPU.Build.0 = Debug|Any CPU
		{4C642975-F6DE-4879-BB21-7CD623315EB4}.Release|Any CPU.ActiveCfg = Release|Any CPU
		{4C642975-F6DE-4879-BB21-7CD623315EB4}.Release|Any CPU.Build.0 = Release|Any CPU
	EndGlobalSection
	GlobalSection(SolutionProperties) = preSolution
		HideSolutionNode = FALSE
	EndGlobalSection
	GlobalSection(ExtensibilityGlobals) = postSolution
		SolutionGuid = {DA73A88C-0A89-49A7-91CA-888007CD7B3C}
	EndGlobalSection
EndGlobal
