
Microsoft Visual Studio Solution File, Format Version 12.00
# Visual Studio Version 17
VisualStudioVersion = 17.6.33815.320
MinimumVisualStudioVersion = 10.0.40219.1
Project("{FAE04EC0-301F-11D3-BF4B-00C04F79EFBC}") = "exercises_4_GregoireA", "exercises_4_GregoireA\exercises_4_GregoireA.csproj", "{161AA833-D888-45F8-B16C-5D0431D67235}"
EndProject
Global
	GlobalSection(SolutionConfigurationPlatforms) = preSolution
		Debug|Any CPU = Debug|Any CPU
		Release|Any CPU = Release|Any CPU
	EndGlobalSection
	GlobalSection(ProjectConfigurationPlatforms) = postSolution
		{161AA833-D888-45F8-B16C-5D0431D67235}.Debug|Any CPU.ActiveCfg = Debug|Any CPU
		{161AA833-D888-45F8-B16C-5D0431D67235}.Debug|Any CPU.Build.0 = Debug|Any CPU
		{161AA833-D888-45F8-B16C-5D0431D67235}.Release|Any CPU.ActiveCfg = Release|Any CPU
		{161AA833-D888-45F8-B16C-5D0431D67235}.Release|Any CPU.Build.0 = Release|Any CPU
	EndGlobalSection
	GlobalSection(SolutionProperties) = preSolution
		HideSolutionNode = FALSE
	EndGlobalSection
	GlobalSection(ExtensibilityGlobals) = postSolution
		SolutionGuid = {38C8B80B-0F18-4DDE-B9B9-A488F62D7AD1}
	EndGlobalSection
EndGlobal
